
Microsoft Visual Studio Solution File, Format Version 12.00
# Visual Studio Version 17
VisualStudioVersion = 17.9.34714.143
MinimumVisualStudioVersion = 10.0.40219.1
Project("{8BC9CEB8-8B4A-11D0-8D11-00A0C91BC942}") = "Project0326", "Project0326.vcxproj", "{F99D59F2-CB60-41F5-AB0A-7EDADDAC4642}"
EndProject
Global
	GlobalSection(SolutionConfigurationPlatforms) = preSolution
		Debug|x64 = Debug|x64
		Debug|x86 = Debug|x86
		Release|x64 = Release|x64
		Release|x86 = Release|x86
	EndGlobalSection
	GlobalSection(ProjectConfigurationPlatforms) = postSolution
		{F99D59F2-CB60-41F5-AB0A-7EDADDAC4642}.Debug|x64.ActiveCfg = Debug|x64
		{F99D59F2-CB60-41F5-AB0A-7EDADDAC4642}.Debug|x64.Build.0 = Debug|x64
		{F99D59F2-CB60-41F5-AB0A-7EDADDAC4642}.Debug|x86.ActiveCfg = Debug|Win32
		{F99D59F2-CB60-41F5-AB0A-7EDADDAC4642}.Debug|x86.Build.0 = Debug|Win32
		{F99D59F2-CB60-41F5-AB0A-7EDADDAC4642}.Release|x64.ActiveCfg = Release|x64
		{F99D59F2-CB60-41F5-AB0A-7EDADDAC4642}.Release|x64.Build.0 = Release|x64
		{F99D59F2-CB60-41F5-AB0A-7EDADDAC4642}.Release|x86.ActiveCfg = Release|Win32
		{F99D59F2-CB60-41F5-AB0A-7EDADDAC4642}.Release|x86.Build.0 = Release|Win32
	EndGlobalSection
	GlobalSection(SolutionProperties) = preSolution
		HideSolutionNode = FALSE
	EndGlobalSection
	GlobalSection(ExtensibilityGlobals) = postSolution
		SolutionGuid = {C72D95E6-B04C-452F-908E-BE9977447DAC}
	EndGlobalSection
EndGlobal
